
Microsoft Visual Studio Solution File, Format Version 12.00
# Visual Studio Version 17
VisualStudioVersion = 17.4.33205.214
MinimumVisualStudioVersion = 10.0.40219.1
Project("{FAE04EC0-301F-11D3-BF4B-00C04F79EFBC}") = "VsTemplateCoreWithAngular", "VsTemplateCoreWithAngular\VsTemplateCoreWithAngular.csproj", "{BC218239-5314-427C-A8D4-67B1D099282B}"
EndProject
Global
	GlobalSection(SolutionConfigurationPlatforms) = preSolution
		Debug|Any CPU = Debug|Any CPU
		Release|Any CPU = Release|Any CPU
	EndGlobalSection
	GlobalSection(ProjectConfigurationPlatforms) = postSolution
		{BC218239-5314-427C-A8D4-67B1D099282B}.Debug|Any CPU.ActiveCfg = Debug|Any CPU
		{BC218239-5314-427C-A8D4-67B1D099282B}.Debug|Any CPU.Build.0 = Debug|Any CPU
		{BC218239-5314-427C-A8D4-67B1D099282B}.Release|Any CPU.ActiveCfg = Release|Any CPU
		{BC218239-5314-427C-A8D4-67B1D099282B}.Release|Any CPU.Build.0 = Release|Any CPU
	EndGlobalSection
	GlobalSection(SolutionProperties) = preSolution
		HideSolutionNode = FALSE
	EndGlobalSection
	GlobalSection(ExtensibilityGlobals) = postSolution
		SolutionGuid = {DA4C26B2-38B7-4E77-ABFC-56BC7CBE3B64}
	EndGlobalSection
EndGlobal
